
Microsoft Visual Studio Solution File, Format Version 12.00
# Visual Studio 2013
VisualStudioVersion = 12.0.21005.1
MinimumVisualStudioVersion = 10.0.40219.1
Project("{FAE04EC0-301F-11D3-BF4B-00C04F79EFBC}") = "MusStore", "MusStore\MusStore.csproj", "{A9FE202B-7609-48B2-A552-CDDE8A53D342}"
	ProjectSection(ProjectDependencies) = postProject
		{88E2A932-C1BA-4CB9-B0E4-441094D037D9} = {88E2A932-C1BA-4CB9-B0E4-441094D037D9}
	EndProjectSection
EndProject
Project("{FAE04EC0-301F-11D3-BF4B-00C04F79EFBC}") = "MusStore.Tests", "MusStore.Tests\MusStore.Tests.csproj", "{8CB089E7-374F-4391-ABEF-35B966C56B09}"
EndProject
Project("{2150E333-8FDC-42A3-9474-1A3956D46DE8}") = "Solution Items", "Solution Items", "{AA4120B3-E9CC-4A95-8E7C-168D92122F7C}"
	ProjectSection(SolutionItems) = preProject
		WE-settings.xml = WE-settings.xml
	EndProjectSection
EndProject
Project("{FAE04EC0-301F-11D3-BF4B-00C04F79EFBC}") = "PairIntegrationService", "PairIntegrationService\PairIntegrationService.csproj", "{88E2A932-C1BA-4CB9-B0E4-441094D037D9}"
EndProject
Project("{FAE04EC0-301F-11D3-BF4B-00C04F79EFBC}") = "EF.Core", "EF.Core\EF.Core.csproj", "{CC6152F4-732C-4C7D-BE55-38584C2F2313}"
EndProject
Project("{FAE04EC0-301F-11D3-BF4B-00C04F79EFBC}") = "EF.Data", "EF.Data\EF.Data.csproj", "{8925A4E2-51DB-4C3A-A230-9E13AFD473B9}"
EndProject
Global
	GlobalSection(SolutionConfigurationPlatforms) = preSolution
		Debug|Any CPU = Debug|Any CPU
		Release|Any CPU = Release|Any CPU
	EndGlobalSection
	GlobalSection(ProjectConfigurationPlatforms) = postSolution
		{A9FE202B-7609-48B2-A552-CDDE8A53D342}.Debug|Any CPU.ActiveCfg = Debug|Any CPU
		{A9FE202B-7609-48B2-A552-CDDE8A53D342}.Debug|Any CPU.Build.0 = Debug|Any CPU
		{A9FE202B-7609-48B2-A552-CDDE8A53D342}.Release|Any CPU.ActiveCfg = Release|Any CPU
		{A9FE202B-7609-48B2-A552-CDDE8A53D342}.Release|Any CPU.Build.0 = Release|Any CPU
		{8CB089E7-374F-4391-ABEF-35B966C56B09}.Debug|Any CPU.ActiveCfg = Debug|Any CPU
		{8CB089E7-374F-4391-ABEF-35B966C56B09}.Debug|Any CPU.Build.0 = Debug|Any CPU
		{8CB089E7-374F-4391-ABEF-35B966C56B09}.Release|Any CPU.ActiveCfg = Release|Any CPU
		{8CB089E7-374F-4391-ABEF-35B966C56B09}.Release|Any CPU.Build.0 = Release|Any CPU
		{88E2A932-C1BA-4CB9-B0E4-441094D037D9}.Debug|Any CPU.ActiveCfg = Debug|Any CPU
		{88E2A932-C1BA-4CB9-B0E4-441094D037D9}.Debug|Any CPU.Build.0 = Debug|Any CPU
		{88E2A932-C1BA-4CB9-B0E4-441094D037D9}.Release|Any CPU.ActiveCfg = Release|Any CPU
		{88E2A932-C1BA-4CB9-B0E4-441094D037D9}.Release|Any CPU.Build.0 = Release|Any CPU
		{CC6152F4-732C-4C7D-BE55-38584C2F2313}.Debug|Any CPU.ActiveCfg = Debug|Any CPU
		{CC6152F4-732C-4C7D-BE55-38584C2F2313}.Debug|Any CPU.Build.0 = Debug|Any CPU
		{CC6152F4-732C-4C7D-BE55-38584C2F2313}.Release|Any CPU.ActiveCfg = Release|Any CPU
		{CC6152F4-732C-4C7D-BE55-38584C2F2313}.Release|Any CPU.Build.0 = Release|Any CPU
		{8925A4E2-51DB-4C3A-A230-9E13AFD473B9}.Debug|Any CPU.ActiveCfg = Debug|Any CPU
		{8925A4E2-51DB-4C3A-A230-9E13AFD473B9}.Debug|Any CPU.Build.0 = Debug|Any CPU
		{8925A4E2-51DB-4C3A-A230-9E13AFD473B9}.Release|Any CPU.ActiveCfg = Release|Any CPU
		{8925A4E2-51DB-4C3A-A230-9E13AFD473B9}.Release|Any CPU.Build.0 = Release|Any CPU
	EndGlobalSection
	GlobalSection(SolutionProperties) = preSolution
		HideSolutionNode = FALSE
	EndGlobalSection
EndGlobal
